
Microsoft Visual Studio Solution File, Format Version 12.00
# Visual Studio 15
Project("{FAE04EC0-301F-11D3-BF4B-00C04F79EFBC}") = "GitHubMonitorApp", "GitHubMonitorApp\GitHubMonitorApp.csproj", "{DD1E484E-96A9-4474-85F9-7276E6B8E7BA}"
EndProject
Global
	GlobalSection(SolutionConfigurationPlatforms) = preSolution
		Debug|Any CPU = Debug|Any CPU
		Release|Any CPU = Release|Any CPU
	EndGlobalSection
	GlobalSection(ProjectConfigurationPlatforms) = postSolution
		{DD1E484E-96A9-4474-85F9-7276E6B8E7BA}.Debug|Any CPU.ActiveCfg = Debug|Any CPU
		{DD1E484E-96A9-4474-85F9-7276E6B8E7BA}.Debug|Any CPU.Build.0 = Debug|Any CPU
		{DD1E484E-96A9-4474-85F9-7276E6B8E7BA}.Release|Any CPU.ActiveCfg = Release|Any CPU
		{DD1E484E-96A9-4474-85F9-7276E6B8E7BA}.Release|Any CPU.Build.0 = Release|Any CPU
	EndGlobalSection
EndGlobal
